// !$*UTF8*$!
{
	archiveVersion = 1;
	classes = {
	};
	objectVersion = 50;
	objects = {

/* Begin PBXBuildFile section */
		8483E4912AE6864500B76744 /* Card.swift in Sources */ = {isa = PBXBuildFile; fileRef = 8483E4902AE6864500B76744 /* Card.swift */; };
		8483E4952AE68C2100B76744 /* NibLoadingView.swift in Sources */ = {isa = PBXBuildFile; fileRef = 8483E4942AE68C2100B76744 /* NibLoadingView.swift */; };
		8483E49F2AE691B600B76744 /* Card.xib in Resources */ = {isa = PBXBuildFile; fileRef = 8483E49E2AE691B600B76744 /* Card.xib */; };
		8483E4A12AE6932400B76744 /* CardModel.swift in Sources */ = {isa = PBXBuildFile; fileRef = 8483E4A02AE6932400B76744 /* CardModel.swift */; };
		84D8B48E2AD407B100500553 /* AppDelegate.swift in Sources */ = {isa = PBXBuildFile; fileRef = 84D8B48D2AD407B100500553 /* AppDelegate.swift */; };
		84D8B4902AD407B100500553 /* SceneDelegate.swift in Sources */ = {isa = PBXBuildFile; fileRef = 84D8B48F2AD407B100500553 /* SceneDelegate.swift */; };
		84D8B4922AD407B100500553 /* ViewController.swift in Sources */ = {isa = PBXBuildFile; fileRef = 84D8B4912AD407B100500553 /* ViewController.swift */; };
		84D8B4952AD407B100500553 /* Main.storyboard in Resources */ = {isa = PBXBuildFile; fileRef = 84D8B4932AD407B100500553 /* Main.storyboard */; };
		84D8B4972AD407B800500553 /* Assets.xcassets in Resources */ = {isa = PBXBuildFile; fileRef = 84D8B4962AD407B800500553 /* Assets.xcassets */; };
		84D8B49A2AD407B800500553 /* LaunchScreen.storyboard in Resources */ = {isa = PBXBuildFile; fileRef = 84D8B4982AD407B800500553 /* LaunchScreen.storyboard */; };
/* End PBXBuildFile section */

/* Begin PBXFileReference section */
		8483E4902AE6864500B76744 /* Card.swift */ = {isa = PBXFileReference; lastKnownFileType = sourcecode.swift; path = Card.swift; sourceTree = "<group>"; };
		8483E4942AE68C2100B76744 /* NibLoadingView.swift */ = {isa = PBXFileReference; lastKnownFileType = sourcecode.swift; path = NibLoadingView.swift; sourceTree = "<group>"; };
		8483E49E2AE691B600B76744 /* Card.xib */ = {isa = PBXFileReference; lastKnownFileType = file.xib; path = Card.xib; sourceTree = "<group>"; };
		8483E4A02AE6932400B76744 /* CardModel.swift */ = {isa = PBXFileReference; lastKnownFileType = sourcecode.swift; path = CardModel.swift; sourceTree = "<group>"; };
		84D8B48A2AD407B100500553 /* lab3_nd.app */ = {isa = PBXFileReference; explicitFileType = wrapper.application; includeInIndex = 0; path = lab3_nd.app; sourceTree = BUILT_PRODUCTS_DIR; };
		84D8B48D2AD407B100500553 /* AppDelegate.swift */ = {isa = PBXFileReference; lastKnownFileType = sourcecode.swift; path = AppDelegate.swift; sourceTree = "<group>"; };
		84D8B48F2AD407B100500553 /* SceneDelegate.swift */ = {isa = PBXFileReference; lastKnownFileType = sourcecode.swift; path = SceneDelegate.swift; sourceTree = "<group>"; };
		84D8B4912AD407B100500553 /* ViewController.swift */ = {isa = PBXFileReference; lastKnownFileType = sourcecode.swift; path = ViewController.swift; sourceTree = "<group>"; };
		84D8B4942AD407B100500553 /* Base */ = {isa = PBXFileReference; lastKnownFileType = file.storyboard; name = Base; path = Base.lproj/Main.storyboard; sourceTree = "<group>"; };
		84D8B4962AD407B800500553 /* Assets.xcassets */ = {isa = PBXFileReference; lastKnownFileType = folder.assetcatalog; path = Assets.xcassets; sourceTree = "<group>"; };
		84D8B4992AD407B800500553 /* Base */ = {isa = PBXFileReference; lastKnownFileType = file.storyboard; name = Base; path = Base.lproj/LaunchScreen.storyboard; sourceTree = "<group>"; };
		84D8B49B2AD407B800500553 /* Info.plist */ = {isa = PBXFileReference; lastKnownFileType = text.plist.xml; path = Info.plist; sourceTree = "<group>"; };
/* End PBXFileReference section */

/* Begin PBXFrameworksBuildPhase section */
		84D8B4872AD407B100500553 /* Frameworks */ = {
			isa = PBXFrameworksBuildPhase;
			buildActionMask = 2147483647;
			files = (
			);
			runOnlyForDeploymentPostprocessing = 0;
		};
/* End PBXFrameworksBuildPhase section */

/* Begin PBXGroup section */
		84D8B4812AD407B000500553 = {
			isa = PBXGroup;
			children = (
				84D8B48C2AD407B100500553 /* lab3_nd */,
				84D8B48B2AD407B100500553 /* Products */,
			);
			sourceTree = "<group>";
		};
		84D8B48B2AD407B100500553 /* Products */ = {
			isa = PBXGroup;
			children = (
				84D8B48A2AD407B100500553 /* lab3_nd.app */,
			);
			name = Products;
			sourceTree = "<group>";
		};
		84D8B48C2AD407B100500553 /* lab3_nd */ = {
			isa = PBXGroup;
			children = (
				84D8B48D2AD407B100500553 /* AppDelegate.swift */,
				84D8B48F2AD407B100500553 /* SceneDelegate.swift */,
				84D8B4912AD407B100500553 /* ViewController.swift */,
				84D8B4932AD407B100500553 /* Main.storyboard */,
				84D8B4962AD407B800500553 /* Assets.xcassets */,
				84D8B4982AD407B800500553 /* LaunchScreen.storyboard */,
				84D8B49B2AD407B800500553 /* Info.plist */,
				8483E4902AE6864500B76744 /* Card.swift */,
				8483E4942AE68C2100B76744 /* NibLoadingView.swift */,
				8483E49E2AE691B600B76744 /* Card.xib */,
				8483E4A02AE6932400B76744 /* CardModel.swift */,
			);
			path = lab3_nd;
			sourceTree = "<group>";
		};
/* End PBXGroup section */

/* Begin PBXNativeTarget section */
		84D8B4892AD407B100500553 /* lab3_nd */ = {
			isa = PBXNativeTarget;
			buildConfigurationList = 84D8B49E2AD407B800500553 /* Build configuration list for PBXNativeTarget "lab3_nd" */;
			buildPhases = (
				84D8B4862AD407B100500553 /* Sources */,
				84D8B4872AD407B100500553 /* Frameworks */,
				84D8B4882AD407B100500553 /* Resources */,
			);
			buildRules = (
			);
			dependencies = (
			);
			name = lab3_nd;
			productName = lab3_nd;
			productReference = 84D8B48A2AD407B100500553 /* lab3_nd.app */;
			productType = "com.apple.product-type.application";
		};
/* End PBXNativeTarget section */

/* Begin PBXProject section */
		84D8B4822AD407B100500553 /* Project object */ = {
			isa = PBXProject;
			attributes = {
				LastSwiftUpdateCheck = 1250;
				LastUpgradeCheck = 1250;
				TargetAttributes = {
					84D8B4892AD407B100500553 = {
						CreatedOnToolsVersion = 12.5.1;
					};
				};
			};
			buildConfigurationList = 84D8B4852AD407B100500553 /* Build configuration list for PBXProject "lab3_nd" */;
			compatibilityVersion = "Xcode 9.3";
			developmentRegion = en;
			hasScannedForEncodings = 0;
			knownRegions = (
				en,
				Base,
			);
			mainGroup = 84D8B4812AD407B000500553;
			productRefGroup = 84D8B48B2AD407B100500553 /* Products */;
			projectDirPath = "";
			projectRoot = "";
			targets = (
				84D8B4892AD407B100500553 /* lab3_nd */,
			);
		};
/* End PBXProject section */

/* Begin PBXResourcesBuildPhase section */
		84D8B4882AD407B100500553 /* Resources */ = {
			isa = PBXResourcesBuildPhase;
			buildActionMask = 2147483647;
			files = (
				84D8B49A2AD407B800500553 /* LaunchScreen.storyboard in Resources */,
				84D8B4972AD407B800500553 /* Assets.xcassets in Resources */,
				84D8B4952AD407B100500553 /* Main.storyboard in Resources */,
				8483E49F2AE691B600B76744 /* Card.xib in Resources */,
			);
			runOnlyForDeploymentPostprocessing = 0;
		};
/* End PBXResourcesBuildPhase section */

/* Begin PBXSourcesBuildPhase section */
		84D8B4862AD407B100500553 /* Sources */ = {
			isa = PBXSourcesBuildPhase;
			buildActionMask = 2147483647;
			files = (
				84D8B4922AD407B100500553 /* ViewController.swift in Sources */,
				84D8B48E2AD407B100500553 /* AppDelegate.swift in Sources */,
				84D8B4902AD407B100500553 /* SceneDelegate.swift in Sources */,
				8483E4952AE68C2100B76744 /* NibLoadingView.swift in Sources */,
				8483E4912AE6864500B76744 /* Card.swift in Sources */,
				8483E4A12AE6932400B76744 /* CardModel.swift in Sources */,
			);
			runOnlyForDeploymentPostprocessing = 0;
		};
/* End PBXSourcesBuildPhase section */

/* Begin PBXVariantGroup section */
		84D8B4932AD407B100500553 /* Main.storyboard */ = {
			isa = PBXVariantGroup;
			children = (
				84D8B4942AD407B100500553 /* Base */,
			);
			name = Main.storyboard;
			sourceTree = "<group>";
		};
		84D8B4982AD407B800500553 /* LaunchScreen.storyboard */ = {
			isa = PBXVariantGroup;
			children = (
				84D8B4992AD407B800500553 /* Base */,
			);
			name = LaunchScreen.storyboard;
			sourceTree = "<group>";
		};
/* End PBXVariantGroup section */

/* Begin XCBuildConfiguration section */
		84D8B49C2AD407B800500553 /* Debug */ = {
			isa = XCBuildConfiguration;
			buildSettings = {
				ALWAYS_SEARCH_USER_PATHS = NO;
				CLANG_ANALYZER_NONNULL = YES;
				CLANG_ANALYZER_NUMBER_OBJECT_CONVERSION = YES_AGGRESSIVE;
				CLANG_CXX_LANGUAGE_STANDARD = "gnu++14";
				CLANG_CXX_LIBRARY = "libc++";
				CLANG_ENABLE_MODULES = YES;
				CLANG_ENABLE_OBJC_ARC = YES;
				CLANG_ENABLE_OBJC_WEAK = YES;
				CLANG_WARN_BLOCK_CAPTURE_AUTORELEASING = YES;
				CLANG_WARN_BOOL_CONVERSION = YES;
				CLANG_WARN_COMMA = YES;
				CLANG_WARN_CONSTANT_CONVERSION = YES;
				CLANG_WARN_DEPRECATED_OBJC_IMPLEMENTATIONS = YES;
				CLANG_WARN_DIRECT_OBJC_ISA_USAGE = YES_ERROR;
				CLANG_WARN_DOCUMENTATION_COMMENTS = YES;
				CLANG_WARN_EMPTY_BODY = YES;
				CLANG_WARN_ENUM_CONVERSION = YES;
				CLANG_WARN_INFINITE_RECURSION = YES;
				CLANG_WARN_INT_CONVERSION = YES;
				CLANG_WARN_NON_LITERAL_NULL_CONVERSION = YES;
				CLANG_WARN_OBJC_IMPLICIT_RETAIN_SELF = YES;
				CLANG_WARN_OBJC_LITERAL_CONVERSION = YES;
				CLANG_WARN_OBJC_ROOT_CLASS = YES_ERROR;
				CLANG_WARN_QUOTED_INCLUDE_IN_FRAMEWORK_HEADER = YES;
				CLANG_WARN_RANGE_LOOP_ANALYSIS = YES;
				CLANG_WARN_STRICT_PROTOTYPES = YES;
				CLANG_WARN_SUSPICIOUS_MOVE = YES;
				CLANG_WARN_UNGUARDED_AVAILABILITY = YES_AGGRESSIVE;
				CLANG_WARN_UNREACHABLE_CODE = YES;
				CLANG_WARN__DUPLICATE_METHOD_MATCH = YES;
				COPY_PHASE_STRIP = NO;
				DEBUG_INFORMATION_FORMAT = dwarf;
				ENABLE_STRICT_OBJC_MSGSEND = YES;
				ENABLE_TESTABILITY = YES;
				GCC_C_LANGUAGE_STANDARD = gnu11;
				GCC_DYNAMIC_NO_PIC = NO;
				GCC_NO_COMMON_BLOCKS = YES;
				GCC_OPTIMIZATION_LEVEL = 0;
				GCC_PREPROCESSOR_DEFINITIONS = (
					"DEBUG=1",
					"$(inherited)",
				);
				GCC_WARN_64_TO_32_BIT_CONVERSION = YES;
				GCC_WARN_ABOUT_RETURN_TYPE = YES_ERROR;
				GCC_WARN_UNDECLARED_SELECTOR = YES;
				GCC_WARN_UNINITIALIZED_AUTOS = YES_AGGRESSIVE;
				GCC_WARN_UNUSED_FUNCTION = YES;
				GCC_WARN_UNUSED_VARIABLE = YES;
				IPHONEOS_DEPLOYMENT_TARGET = 14.5;
				MTL_ENABLE_DEBUG_INFO = INCLUDE_SOURCE;
				MTL_FAST_MATH = YES;
				ONLY_ACTIVE_ARCH = YES;
				SDKROOT = iphoneos;
				SWIFT_ACTIVE_COMPILATION_CONDITIONS = DEBUG;
				SWIFT_OPTIMIZATION_LEVEL = "-Onone";
			};
			name = Debug;
		};
		84D8B49D2AD407B800500553 /* Release */ = {
			isa = XCBuildConfiguration;
			buildSettings = {
				ALWAYS_SEARCH_USER_PATHS = NO;
				CLANG_ANALYZER_NONNULL = YES;
				CLANG_ANALYZER_NUMBER_OBJECT_CONVERSION = YES_AGGRESSIVE;
				CLANG_CXX_LANGUAGE_STANDARD = "gnu++14";
				CLANG_CXX_LIBRARY = "libc++";
				CLANG_ENABLE_MODULES = YES;
				CLANG_ENABLE_OBJC_ARC = YES;
				CLANG_ENABLE_OBJC_WEAK = YES;
				CLANG_WARN_BLOCK_CAPTURE_AUTORELEASING = YES;
				CLANG_WARN_BOOL_CONVERSION = YES;
				CLANG_WARN_COMMA = YES;
				CLANG_WARN_CONSTANT_CONVERSION = YES;
				CLANG_WARN_DEPRECATED_OBJC_IMPLEMENTATIONS = YES;
				CLANG_WARN_DIRECT_OBJC_ISA_USAGE = YES_ERROR;
				CLANG_WARN_DOCUMENTATION_COMMENTS = YES;
				CLANG_WARN_EMPTY_BODY = YES;
				CLANG_WARN_ENUM_CONVERSION = YES;
				CLANG_WARN_INFINITE_RECURSION = YES;
				CLANG_WARN_INT_CONVERSION = YES;
				CLANG_WARN_NON_LITERAL_NULL_CONVERSION = YES;
				CLANG_WARN_OBJC_IMPLICIT_RETAIN_SELF = YES;
				CLANG_WARN_OBJC_LITERAL_CONVERSION = YES;
				CLANG_WARN_OBJC_ROOT_CLASS = YES_ERROR;
				CLANG_WARN_QUOTED_INCLUDE_IN_FRAMEWORK_HEADER = YES;
				CLANG_WARN_RANGE_LOOP_ANALYSIS = YES;
				CLANG_WARN_STRICT_PROTOTYPES = YES;
				CLANG_WARN_SUSPICIOUS_MOVE = YES;
				CLANG_WARN_UNGUARDED_AVAILABILITY = YES_AGGRESSIVE;
				CLANG_WARN_UNREACHABLE_CODE = YES;
				CLANG_WARN__DUPLICATE_METHOD_MATCH = YES;
				COPY_PHASE_STRIP = NO;
				DEBUG_INFORMATION_FORMAT = "dwarf-with-dsym";
				ENABLE_NS_ASSERTIONS = NO;
				ENABLE_STRICT_OBJC_MSGSEND = YES;
				GCC_C_LANGUAGE_STANDARD = gnu11;
				GCC_NO_COMMON_BLOCKS = YES;
				GCC_WARN_64_TO_32_BIT_CONVERSION = YES;
				GCC_WARN_ABOUT_RETURN_TYPE = YES_ERROR;
				GCC_WARN_UNDECLARED_SELECTOR = YES;
				GCC_WARN_UNINITIALIZED_AUTOS = YES_AGGRESSIVE;
				GCC_WARN_UNUSED_FUNCTION = YES;
				GCC_WARN_UNUSED_VARIABLE = YES;
				IPHONEOS_DEPLOYMENT_TARGET = 14.5;
				MTL_ENABLE_DEBUG_INFO = NO;
				MTL_FAST_MATH = YES;
				SDKROOT = iphoneos;
				SWIFT_COMPILATION_MODE = wholemodule;
				SWIFT_OPTIMIZATION_LEVEL = "-O";
				VALIDATE_PRODUCT = YES;
			};
			name = Release;
		};
		84D8B49F2AD407B800500553 /* Debug */ = {
			isa = XCBuildConfiguration;
			buildSettings = {
				ASSETCATALOG_COMPILER_APPICON_NAME = AppIcon;
				ASSETCATALOG_COMPILER_GLOBAL_ACCENT_COLOR_NAME = AccentColor;
				CODE_SIGN_STYLE = Automatic;
				INFOPLIST_FILE = lab3_nd/Info.plist;
				LD_RUNPATH_SEARCH_PATHS = (
					"$(inherited)",
					"@executable_path/Frameworks",
				);
				PRODUCT_BUNDLE_IDENTIFIER = "NTLu.lab3-nd";
				PRODUCT_NAME = "$(TARGET_NAME)";
				SWIFT_VERSION = 5.0;
				TARGETED_DEVICE_FAMILY = "1,2";
			};
			name = Debug;
		};
		84D8B4A02AD407B800500553 /* Release */ = {
			isa = XCBuildConfiguration;
			buildSettings = {
				ASSETCATALOG_COMPILER_APPICON_NAME = AppIcon;
				ASSETCATALOG_COMPILER_GLOBAL_ACCENT_COLOR_NAME = AccentColor;
				CODE_SIGN_STYLE = Automatic;
				INFOPLIST_FILE = lab3_nd/Info.plist;
				LD_RUNPATH_SEARCH_PATHS = (
					"$(inherited)",
					"@executable_path/Frameworks",
				);
				PRODUCT_BUNDLE_IDENTIFIER = "NTLu.lab3-nd";
				PRODUCT_NAME = "$(TARGET_NAME)";
				SWIFT_VERSION = 5.0;
				TARGETED_DEVICE_FAMILY = "1,2";
			};
			name = Release;
		};
/* End XCBuildConfiguration section */

/* Begin XCConfigurationList section */
		84D8B4852AD407B100500553 /* Build configuration list for PBXProject "lab3_nd" */ = {
			isa = XCConfigurationList;
			buildConfigurations = (
				84D8B49C2AD407B800500553 /* Debug */,
				84D8B49D2AD407B800500553 /* Release */,
			);
			defaultConfigurationIsVisible = 0;
			defaultConfigurationName = Release;
		};
		84D8B49E2AD407B800500553 /* Build configuration list for PBXNativeTarget "lab3_nd" */ = {
			isa = XCConfigurationList;
			buildConfigurations = (
				84D8B49F2AD407B800500553 /* Debug */,
				84D8B4A02AD407B800500553 /* Release */,
			);
			defaultConfigurationIsVisible = 0;
			defaultConfigurationName = Release;
		};
/* End XCConfigurationList section */
	};
	rootObject = 84D8B4822AD407B100500553 /* Project object */;
}
